// !$*UTF8*$!
{
	archiveVersion = 1;
	classes = {
	};
	objectVersion = 55;
	objects = {

/* Begin PBXBuildFile section */
		6742711027F97D1F00CBF30E /* ThirdViewController.swift in Sources */ = {isa = PBXBuildFile; fileRef = 6742710F27F97D1F00CBF30E /* ThirdViewController.swift */; };
		6742711227F97D2A00CBF30E /* FourthViewController.swift in Sources */ = {isa = PBXBuildFile; fileRef = 6742711127F97D2A00CBF30E /* FourthViewController.swift */; };
		6742711427F97FF000CBF30E /* EnterNameViewController.swift in Sources */ = {isa = PBXBuildFile; fileRef = 6742711327F97FF000CBF30E /* EnterNameViewController.swift */; };
		67C2A77027F97024000E2D4C /* AppDelegate.swift in Sources */ = {isa = PBXBuildFile; fileRef = 67C2A76F27F97024000E2D4C /* AppDelegate.swift */; };
		67C2A77227F97024000E2D4C /* SceneDelegate.swift in Sources */ = {isa = PBXBuildFile; fileRef = 67C2A77127F97024000E2D4C /* SceneDelegate.swift */; };
		67C2A77427F97024000E2D4C /* ViewController.swift in Sources */ = {isa = PBXBuildFile; fileRef = 67C2A77327F97024000E2D4C /* ViewController.swift */; };
		67C2A77727F97024000E2D4C /* Main.storyboard in Resources */ = {isa = PBXBuildFile; fileRef = 67C2A77527F97024000E2D4C /* Main.storyboard */; };
		67C2A77927F97026000E2D4C /* Assets.xcassets in Resources */ = {isa = PBXBuildFile; fileRef = 67C2A77827F97026000E2D4C /* Assets.xcassets */; };
		67C2A77C27F97026000E2D4C /* LaunchScreen.storyboard in Resources */ = {isa = PBXBuildFile; fileRef = 67C2A77A27F97026000E2D4C /* LaunchScreen.storyboard */; };
		67C2A78427F97305000E2D4C /* SecondViewController.swift in Sources */ = {isa = PBXBuildFile; fileRef = 67C2A78327F97305000E2D4C /* SecondViewController.swift */; };
/* End PBXBuildFile section */

/* Begin PBXFileReference section */
		6742710F27F97D1F00CBF30E /* ThirdViewController.swift */ = {isa = PBXFileReference; lastKnownFileType = sourcecode.swift; path = ThirdViewController.swift; sourceTree = "<group>"; };
		6742711127F97D2A00CBF30E /* FourthViewController.swift */ = {isa = PBXFileReference; lastKnownFileType = sourcecode.swift; path = FourthViewController.swift; sourceTree = "<group>"; };
		6742711327F97FF000CBF30E /* EnterNameViewController.swift */ = {isa = PBXFileReference; lastKnownFileType = sourcecode.swift; path = EnterNameViewController.swift; sourceTree = "<group>"; };
		67C2A76C27F97024000E2D4C /* PassingDataBetweenControllers.app */ = {isa = PBXFileReference; explicitFileType = wrapper.application; includeInIndex = 0; path = PassingDataBetweenControllers.app; sourceTree = BUILT_PRODUCTS_DIR; };
		67C2A76F27F97024000E2D4C /* AppDelegate.swift */ = {isa = PBXFileReference; lastKnownFileType = sourcecode.swift; path = AppDelegate.swift; sourceTree = "<group>"; };
		67C2A77127F97024000E2D4C /* SceneDelegate.swift */ = {isa = PBXFileReference; lastKnownFileType = sourcecode.swift; path = SceneDelegate.swift; sourceTree = "<group>"; };
		67C2A77327F97024000E2D4C /* ViewController.swift */ = {isa = PBXFileReference; lastKnownFileType = sourcecode.swift; path = ViewController.swift; sourceTree = "<group>"; };
		67C2A77627F97024000E2D4C /* Base */ = {isa = PBXFileReference; lastKnownFileType = file.storyboard; name = Base; path = Base.lproj/Main.storyboard; sourceTree = "<group>"; };
		67C2A77827F97026000E2D4C /* Assets.xcassets */ = {isa = PBXFileReference; lastKnownFileType = folder.assetcatalog; path = Assets.xcassets; sourceTree = "<group>"; };
		67C2A77B27F97026000E2D4C /* Base */ = {isa = PBXFileReference; lastKnownFileType = file.storyboard; name = Base; path = Base.lproj/LaunchScreen.storyboard; sourceTree = "<group>"; };
		67C2A77D27F97026000E2D4C /* Info.plist */ = {isa = PBXFileReference; lastKnownFileType = text.plist.xml; path = Info.plist; sourceTree = "<group>"; };
		67C2A78327F97305000E2D4C /* SecondViewController.swift */ = {isa = PBXFileReference; lastKnownFileType = sourcecode.swift; path = SecondViewController.swift; sourceTree = "<group>"; };
/* End PBXFileReference section */

/* Begin PBXFrameworksBuildPhase section */
		67C2A76927F97024000E2D4C /* Frameworks */ = {
			isa = PBXFrameworksBuildPhase;
			buildActionMask = 2147483647;
			files = (
			);
			runOnlyForDeploymentPostprocessing = 0;
		};
/* End PBXFrameworksBuildPhase section */

/* Begin PBXGroup section */
		67C2A76327F97024000E2D4C = {
			isa = PBXGroup;
			children = (
				67C2A76E27F97024000E2D4C /* PassingDataBetweenControllers */,
				67C2A76D27F97024000E2D4C /* Products */,
			);
			sourceTree = "<group>";
		};
		67C2A76D27F97024000E2D4C /* Products */ = {
			isa = PBXGroup;
			children = (
				67C2A76C27F97024000E2D4C /* PassingDataBetweenControllers.app */,
			);
			name = Products;
			sourceTree = "<group>";
		};
		67C2A76E27F97024000E2D4C /* PassingDataBetweenControllers */ = {
			isa = PBXGroup;
			children = (
				67C2A76F27F97024000E2D4C /* AppDelegate.swift */,
				67C2A77127F97024000E2D4C /* SceneDelegate.swift */,
				67C2A77327F97024000E2D4C /* ViewController.swift */,
				67C2A77527F97024000E2D4C /* Main.storyboard */,
				67C2A77827F97026000E2D4C /* Assets.xcassets */,
				67C2A77A27F97026000E2D4C /* LaunchScreen.storyboard */,
				67C2A77D27F97026000E2D4C /* Info.plist */,
				67C2A78327F97305000E2D4C /* SecondViewController.swift */,
				6742710F27F97D1F00CBF30E /* ThirdViewController.swift */,
				6742711127F97D2A00CBF30E /* FourthViewController.swift */,
				6742711327F97FF000CBF30E /* EnterNameViewController.swift */,
			);
			path = PassingDataBetweenControllers;
			sourceTree = "<group>";
		};
/* End PBXGroup section */

/* Begin PBXNativeTarget section */
		67C2A76B27F97024000E2D4C /* PassingDataBetweenControllers */ = {
			isa = PBXNativeTarget;
			buildConfigurationList = 67C2A78027F97026000E2D4C /* Build configuration list for PBXNativeTarget "PassingDataBetweenControllers" */;
			buildPhases = (
				67C2A76827F97024000E2D4C /* Sources */,
				67C2A76927F97024000E2D4C /* Frameworks */,
				67C2A76A27F97024000E2D4C /* Resources */,
			);
			buildRules = (
			);
			dependencies = (
			);
			name = PassingDataBetweenControllers;
			productName = PassingDataBetweenControllers;
			productReference = 67C2A76C27F97024000E2D4C /* PassingDataBetweenControllers.app */;
			productType = "com.apple.product-type.application";
		};
/* End PBXNativeTarget section */

/* Begin PBXProject section */
		67C2A76427F97024000E2D4C /* Project object */ = {
			isa = PBXProject;
			attributes = {
				BuildIndependentTargetsInParallel = 1;
				LastSwiftUpdateCheck = 1300;
				LastUpgradeCheck = 1300;
				TargetAttributes = {
					67C2A76B27F97024000E2D4C = {
						CreatedOnToolsVersion = 13.0;
					};
				};
			};
			buildConfigurationList = 67C2A76727F97024000E2D4C /* Build configuration list for PBXProject "PassingDataBetweenControllers" */;
			compatibilityVersion = "Xcode 13.0";
			developmentRegion = en;
			hasScannedForEncodings = 0;
			knownRegions = (
				en,
				Base,
			);
			mainGroup = 67C2A76327F97024000E2D4C;
			productRefGroup = 67C2A76D27F97024000E2D4C /* Products */;
			projectDirPath = "";
			projectRoot = "";
			targets = (
				67C2A76B27F97024000E2D4C /* PassingDataBetweenControllers */,
			);
		};
/* End PBXProject section */

/* Begin PBXResourcesBuildPhase section */
		67C2A76A27F97024000E2D4C /* Resources */ = {
			isa = PBXResourcesBuildPhase;
			buildActionMask = 2147483647;
			files = (
				67C2A77C27F97026000E2D4C /* LaunchScreen.storyboard in Resources */,
				67C2A77927F97026000E2D4C /* Assets.xcassets in Resources */,
				67C2A77727F97024000E2D4C /* Main.storyboard in Resources */,
			);
			runOnlyForDeploymentPostprocessing = 0;
		};
/* End PBXResourcesBuildPhase section */

/* Begin PBXSourcesBuildPhase section */
		67C2A76827F97024000E2D4C /* Sources */ = {
			isa = PBXSourcesBuildPhase;
			buildActionMask = 2147483647;
			files = (
				6742711227F97D2A00CBF30E /* FourthViewController.swift in Sources */,
				67C2A78427F97305000E2D4C /* SecondViewController.swift in Sources */,
				67C2A77427F97024000E2D4C /* ViewController.swift in Sources */,
				6742711427F97FF000CBF30E /* EnterNameViewController.swift in Sources */,
				6742711027F97D1F00CBF30E /* ThirdViewController.swift in Sources */,
				67C2A77027F97024000E2D4C /* AppDelegate.swift in Sources */,
				67C2A77227F97024000E2D4C /* SceneDelegate.swift in Sources */,
			);
			runOnlyForDeploymentPostprocessing = 0;
		};
/* End PBXSourcesBuildPhase section */

/* Begin PBXVariantGroup section */
		67C2A77527F97024000E2D4C /* Main.storyboard */ = {
			isa = PBXVariantGroup;
			children = (
				67C2A77627F97024000E2D4C /* Base */,
			);
			name = Main.storyboard;
			sourceTree = "<group>";
		};
		67C2A77A27F97026000E2D4C /* LaunchScreen.storyboard */ = {
			isa = PBXVariantGroup;
			children = (
				67C2A77B27F97026000E2D4C /* Base */,
			);
			name = LaunchScreen.storyboard;
			sourceTree = "<group>";
		};
/* End PBXVariantGroup section */

/* Begin XCBuildConfiguration section */
		67C2A77E27F97026000E2D4C /* Debug */ = {
			isa = XCBuildConfiguration;
			buildSettings = {
				ALWAYS_SEARCH_USER_PATHS = NO;
				CLANG_ANALYZER_NONNULL = YES;
				CLANG_ANALYZER_NUMBER_OBJECT_CONVERSION = YES_AGGRESSIVE;
				CLANG_CXX_LANGUAGE_STANDARD = "gnu++17";
				CLANG_CXX_LIBRARY = "libc++";
				CLANG_ENABLE_MODULES = YES;
				CLANG_ENABLE_OBJC_ARC = YES;
				CLANG_ENABLE_OBJC_WEAK = YES;
				CLANG_WARN_BLOCK_CAPTURE_AUTORELEASING = YES;
				CLANG_WARN_BOOL_CONVERSION = YES;
				CLANG_WARN_COMMA = YES;
				CLANG_WARN_CONSTANT_CONVERSION = YES;
				CLANG_WARN_DEPRECATED_OBJC_IMPLEMENTATIONS = YES;
				CLANG_WARN_DIRECT_OBJC_ISA_USAGE = YES_ERROR;
				CLANG_WARN_DOCUMENTATION_COMMENTS = YES;
				CLANG_WARN_EMPTY_BODY = YES;
				CLANG_WARN_ENUM_CONVERSION = YES;
				CLANG_WARN_INFINITE_RECURSION = YES;
				CLANG_WARN_INT_CONVERSION = YES;
				CLANG_WARN_NON_LITERAL_NULL_CONVERSION = YES;
				CLANG_WARN_OBJC_IMPLICIT_RETAIN_SELF = YES;
				CLANG_WARN_OBJC_LITERAL_CONVERSION = YES;
				CLANG_WARN_OBJC_ROOT_CLASS = YES_ERROR;
				CLANG_WARN_QUOTED_INCLUDE_IN_FRAMEWORK_HEADER = YES;
				CLANG_WARN_RANGE_LOOP_ANALYSIS = YES;
				CLANG_WARN_STRICT_PROTOTYPES = YES;
				CLANG_WARN_SUSPICIOUS_MOVE = YES;
				CLANG_WARN_UNGUARDED_AVAILABILITY = YES_AGGRESSIVE;
				CLANG_WARN_UNREACHABLE_CODE = YES;
				CLANG_WARN__DUPLICATE_METHOD_MATCH = YES;
				COPY_PHASE_STRIP = NO;
				DEBUG_INFORMATION_FORMAT = dwarf;
				ENABLE_STRICT_OBJC_MSGSEND = YES;
				ENABLE_TESTABILITY = YES;
				GCC_C_LANGUAGE_STANDARD = gnu11;
				GCC_DYNAMIC_NO_PIC = NO;
				GCC_NO_COMMON_BLOCKS = YES;
				GCC_OPTIMIZATION_LEVEL = 0;
				GCC_PREPROCESSOR_DEFINITIONS = (
					"DEBUG=1",
					"$(inherited)",
				);
				GCC_WARN_64_TO_32_BIT_CONVERSION = YES;
				GCC_WARN_ABOUT_RETURN_TYPE = YES_ERROR;
				GCC_WARN_UNDECLARED_SELECTOR = YES;
				GCC_WARN_UNINITIALIZED_AUTOS = YES_AGGRESSIVE;
				GCC_WARN_UNUSED_FUNCTION = YES;
				GCC_WARN_UNUSED_VARIABLE = YES;
				IPHONEOS_DEPLOYMENT_TARGET = 15.0;
				MTL_ENABLE_DEBUG_INFO = INCLUDE_SOURCE;
				MTL_FAST_MATH = YES;
				ONLY_ACTIVE_ARCH = YES;
				SDKROOT = iphoneos;
				SWIFT_ACTIVE_COMPILATION_CONDITIONS = DEBUG;
				SWIFT_OPTIMIZATION_LEVEL = "-Onone";
			};
			name = Debug;
		};
		67C2A77F27F97026000E2D4C /* Release */ = {
			isa = XCBuildConfiguration;
			buildSettings = {
				ALWAYS_SEARCH_USER_PATHS = NO;
				CLANG_ANALYZER_NONNULL = YES;
				CLANG_ANALYZER_NUMBER_OBJECT_CONVERSION = YES_AGGRESSIVE;
				CLANG_CXX_LANGUAGE_STANDARD = "gnu++17";
				CLANG_CXX_LIBRARY = "libc++";
				CLANG_ENABLE_MODULES = YES;
				CLANG_ENABLE_OBJC_ARC = YES;
				CLANG_ENABLE_OBJC_WEAK = YES;
				CLANG_WARN_BLOCK_CAPTURE_AUTORELEASING = YES;
				CLANG_WARN_BOOL_CONVERSION = YES;
				CLANG_WARN_COMMA = YES;
				CLANG_WARN_CONSTANT_CONVERSION = YES;
				CLANG_WARN_DEPRECATED_OBJC_IMPLEMENTATIONS = YES;
				CLANG_WARN_DIRECT_OBJC_ISA_USAGE = YES_ERROR;
				CLANG_WARN_DOCUMENTATION_COMMENTS = YES;
				CLANG_WARN_EMPTY_BODY = YES;
				CLANG_WARN_ENUM_CONVERSION = YES;
				CLANG_WARN_INFINITE_RECURSION = YES;
				CLANG_WARN_INT_CONVERSION = YES;
				CLANG_WARN_NON_LITERAL_NULL_CONVERSION = YES;
				CLANG_WARN_OBJC_IMPLICIT_RETAIN_SELF = YES;
				CLANG_WARN_OBJC_LITERAL_CONVERSION = YES;
				CLANG_WARN_OBJC_ROOT_CLASS = YES_ERROR;
				CLANG_WARN_QUOTED_INCLUDE_IN_FRAMEWORK_HEADER = YES;
				CLANG_WARN_RANGE_LOOP_ANALYSIS = YES;
				CLANG_WARN_STRICT_PROTOTYPES = YES;
				CLANG_WARN_SUSPICIOUS_MOVE = YES;
				CLANG_WARN_UNGUARDED_AVAILABILITY = YES_AGGRESSIVE;
				CLANG_WARN_UNREACHABLE_CODE = YES;
				CLANG_WARN__DUPLICATE_METHOD_MATCH = YES;
				COPY_PHASE_STRIP = NO;
				DEBUG_INFORMATION_FORMAT = "dwarf-with-dsym";
				ENABLE_NS_ASSERTIONS = NO;
				ENABLE_STRICT_OBJC_MSGSEND = YES;
				GCC_C_LANGUAGE_STANDARD = gnu11;
				GCC_NO_COMMON_BLOCKS = YES;
				GCC_WARN_64_TO_32_BIT_CONVERSION = YES;
				GCC_WARN_ABOUT_RETURN_TYPE = YES_ERROR;
				GCC_WARN_UNDECLARED_SELECTOR = YES;
				GCC_WARN_UNINITIALIZED_AUTOS = YES_AGGRESSIVE;
				GCC_WARN_UNUSED_FUNCTION = YES;
				GCC_WARN_UNUSED_VARIABLE = YES;
				IPHONEOS_DEPLOYMENT_TARGET = 15.0;
				MTL_ENABLE_DEBUG_INFO = NO;
				MTL_FAST_MATH = YES;
				SDKROOT = iphoneos;
				SWIFT_COMPILATION_MODE = wholemodule;
				SWIFT_OPTIMIZATION_LEVEL = "-O";
				VALIDATE_PRODUCT = YES;
			};
			name = Release;
		};
		67C2A78127F97026000E2D4C /* Debug */ = {
			isa = XCBuildConfiguration;
			buildSettings = {
				ASSETCATALOG_COMPILER_APPICON_NAME = AppIcon;
				ASSETCATALOG_COMPILER_GLOBAL_ACCENT_COLOR_NAME = AccentColor;
				CODE_SIGN_STYLE = Automatic;
				CURRENT_PROJECT_VERSION = 1;
				GENERATE_INFOPLIST_FILE = YES;
				INFOPLIST_FILE = PassingDataBetweenControllers/Info.plist;
				INFOPLIST_KEY_UIApplicationSupportsIndirectInputEvents = YES;
				INFOPLIST_KEY_UILaunchStoryboardName = LaunchScreen;
				INFOPLIST_KEY_UIMainStoryboardFile = Main;
				INFOPLIST_KEY_UISupportedInterfaceOrientations_iPad = "UIInterfaceOrientationPortrait UIInterfaceOrientationPortraitUpsideDown UIInterfaceOrientationLandscapeLeft UIInterfaceOrientationLandscapeRight";
				INFOPLIST_KEY_UISupportedInterfaceOrientations_iPhone = "UIInterfaceOrientationPortrait UIInterfaceOrientationLandscapeLeft UIInterfaceOrientationLandscapeRight";
				LD_RUNPATH_SEARCH_PATHS = (
					"$(inherited)",
					"@executable_path/Frameworks",
				);
				MARKETING_VERSION = 1.0;
				PRODUCT_BUNDLE_IDENTIFIER = nilesh.PassingDataBetweenControllers;
				PRODUCT_NAME = "$(TARGET_NAME)";
				SWIFT_EMIT_LOC_STRINGS = YES;
				SWIFT_VERSION = 5.0;
				TARGETED_DEVICE_FAMILY = "1,2";
			};
			name = Debug;
		};
		67C2A78227F97026000E2D4C /* Release */ = {
			isa = XCBuildConfiguration;
			buildSettings = {
				ASSETCATALOG_COMPILER_APPICON_NAME = AppIcon;
				ASSETCATALOG_COMPILER_GLOBAL_ACCENT_COLOR_NAME = AccentColor;
				CODE_SIGN_STYLE = Automatic;
				CURRENT_PROJECT_VERSION = 1;
				GENERATE_INFOPLIST_FILE = YES;
				INFOPLIST_FILE = PassingDataBetweenControllers/Info.plist;
				INFOPLIST_KEY_UIApplicationSupportsIndirectInputEvents = YES;
				INFOPLIST_KEY_UILaunchStoryboardName = LaunchScreen;
				INFOPLIST_KEY_UIMainStoryboardFile = Main;
				INFOPLIST_KEY_UISupportedInterfaceOrientations_iPad = "UIInterfaceOrientationPortrait UIInterfaceOrientationPortraitUpsideDown UIInterfaceOrientationLandscapeLeft UIInterfaceOrientationLandscapeRight";
				INFOPLIST_KEY_UISupportedInterfaceOrientations_iPhone = "UIInterfaceOrientationPortrait UIInterfaceOrientationLandscapeLeft UIInterfaceOrientationLandscapeRight";
				LD_RUNPATH_SEARCH_PATHS = (
					"$(inherited)",
					"@executable_path/Frameworks",
				);
				MARKETING_VERSION = 1.0;
				PRODUCT_BUNDLE_IDENTIFIER = nilesh.PassingDataBetweenControllers;
				PRODUCT_NAME = "$(TARGET_NAME)";
				SWIFT_EMIT_LOC_STRINGS = YES;
				SWIFT_VERSION = 5.0;
				TARGETED_DEVICE_FAMILY = "1,2";
			};
			name = Release;
		};
/* End XCBuildConfiguration section */

/* Begin XCConfigurationList section */
		67C2A76727F97024000E2D4C /* Build configuration list for PBXProject "PassingDataBetweenControllers" */ = {
			isa = XCConfigurationList;
			buildConfigurations = (
				67C2A77E27F97026000E2D4C /* Debug */,
				67C2A77F27F97026000E2D4C /* Release */,
			);
			defaultConfigurationIsVisible = 0;
			defaultConfigurationName = Release;
		};
		67C2A78027F97026000E2D4C /* Build configuration list for PBXNativeTarget "PassingDataBetweenControllers" */ = {
			isa = XCConfigurationList;
			buildConfigurations = (
				67C2A78127F97026000E2D4C /* Debug */,
				67C2A78227F97026000E2D4C /* Release */,
			);
			defaultConfigurationIsVisible = 0;
			defaultConfigurationName = Release;
		};
/* End XCConfigurationList section */
	};
	rootObject = 67C2A76427F97024000E2D4C /* Project object */;
}
